
Microsoft Visual Studio Solution File, Format Version 12.00
# Visual Studio Version 17
VisualStudioVersion = 17.8.34330.188
MinimumVisualStudioVersion = 10.0.40219.1
Project("{FAE04EC0-301F-11D3-BF4B-00C04F79EFBC}") = "WebApi_Data_Mng_Assignmt", "WebApi_Data_Mng_Assignmt\WebApi_Data_Mng_Assignmt.csproj", "{3793A783-079C-48AE-B431-04623AEA2E04}"
EndProject
Global
	GlobalSection(SolutionConfigurationPlatforms) = preSolution
		Debug|Any CPU = Debug|Any CPU
		Release|Any CPU = Release|Any CPU
	EndGlobalSection
	GlobalSection(ProjectConfigurationPlatforms) = postSolution
		{3793A783-079C-48AE-B431-04623AEA2E04}.Debug|Any CPU.ActiveCfg = Debug|Any CPU
		{3793A783-079C-48AE-B431-04623AEA2E04}.Debug|Any CPU.Build.0 = Debug|Any CPU
		{3793A783-079C-48AE-B431-04623AEA2E04}.Release|Any CPU.ActiveCfg = Release|Any CPU
		{3793A783-079C-48AE-B431-04623AEA2E04}.Release|Any CPU.Build.0 = Release|Any CPU
	EndGlobalSection
	GlobalSection(SolutionProperties) = preSolution
		HideSolutionNode = FALSE
	EndGlobalSection
	GlobalSection(ExtensibilityGlobals) = postSolution
		SolutionGuid = {C6F68508-0F87-4965-A5A6-A96F6FB917DE}
	EndGlobalSection
EndGlobal
